
Microsoft Visual Studio Solution File, Format Version 12.00
# Visual Studio Version 17
VisualStudioVersion = 17.12.35527.113 d17.12
MinimumVisualStudioVersion = 10.0.40219.1
Project("{FAE04EC0-301F-11D3-BF4B-00C04F79EFBC}") = "TicketBookingCore.Tests", "TicketBookingCore.Tests\TicketBookingCore.Tests.csproj", "{B7D351C6-0DCF-4D44-809A-FCC849DA8E28}"
EndProject
Project("{FAE04EC0-301F-11D3-BF4B-00C04F79EFBC}") = "TicketBookingCore", "TicketBookingCore\TicketBookingCore.csproj", "{6E1060F9-B82E-4825-9062-574B6B4343F4}"
EndProject
Global
	GlobalSection(SolutionConfigurationPlatforms) = preSolution
		Debug|Any CPU = Debug|Any CPU
		Release|Any CPU = Release|Any CPU
	EndGlobalSection
	GlobalSection(ProjectConfigurationPlatforms) = postSolution
		{B7D351C6-0DCF-4D44-809A-FCC849DA8E28}.Debug|Any CPU.ActiveCfg = Debug|Any CPU
		{B7D351C6-0DCF-4D44-809A-FCC849DA8E28}.Debug|Any CPU.Build.0 = Debug|Any CPU
		{B7D351C6-0DCF-4D44-809A-FCC849DA8E28}.Release|Any CPU.ActiveCfg = Release|Any CPU
		{B7D351C6-0DCF-4D44-809A-FCC849DA8E28}.Release|Any CPU.Build.0 = Release|Any CPU
		{6E1060F9-B82E-4825-9062-574B6B4343F4}.Debug|Any CPU.ActiveCfg = Debug|Any CPU
		{6E1060F9-B82E-4825-9062-574B6B4343F4}.Debug|Any CPU.Build.0 = Debug|Any CPU
		{6E1060F9-B82E-4825-9062-574B6B4343F4}.Release|Any CPU.ActiveCfg = Release|Any CPU
		{6E1060F9-B82E-4825-9062-574B6B4343F4}.Release|Any CPU.Build.0 = Release|Any CPU
	EndGlobalSection
	GlobalSection(SolutionProperties) = preSolution
		HideSolutionNode = FALSE
	EndGlobalSection
EndGlobal
